// !$*UTF8*$!
{
	archiveVersion = 1;
	classes = {
	};
	objectVersion = 46;
	objects = {

/* Begin PBXBuildFile section */
		5593D5446A9DFC536495203B /* Pods_chat_firebase_ios.framework in Frameworks */ = {isa = PBXBuildFile; fileRef = FC4918FEC2C1FF3582E1A803 /* Pods_chat_firebase_ios.framework */; };
		6ABE93C6057BBB154D33E029 /* Pods_chat_firebase_iosUITests.framework in Frameworks */ = {isa = PBXBuildFile; fileRef = FC898285643FDB72DA655C54 /* Pods_chat_firebase_iosUITests.framework */; };
		ACBB0911C8EBC0F221039D64 /* Pods_chat_firebase_iosTests.framework in Frameworks */ = {isa = PBXBuildFile; fileRef = 6F82C2FEFD6EB5B197241168 /* Pods_chat_firebase_iosTests.framework */; };
		D95ABA121D443DA0006ECE82 /* AuthManager.swift in Sources */ = {isa = PBXBuildFile; fileRef = D95ABA111D443DA0006ECE82 /* AuthManager.swift */; };
		D95BB23C1D48500000BE22A7 /* Button.swift in Sources */ = {isa = PBXBuildFile; fileRef = D95BB23B1D48500000BE22A7 /* Button.swift */; };
		D9B760491D4103CE003B0A6E /* AppDelegate.swift in Sources */ = {isa = PBXBuildFile; fileRef = D9B760481D4103CE003B0A6E /* AppDelegate.swift */; };
		D9B7604B1D4103CE003B0A6E /* ViewController.swift in Sources */ = {isa = PBXBuildFile; fileRef = D9B7604A1D4103CE003B0A6E /* ViewController.swift */; };
		D9B7604E1D4103CE003B0A6E /* Main.storyboard in Resources */ = {isa = PBXBuildFile; fileRef = D9B7604C1D4103CE003B0A6E /* Main.storyboard */; };
		D9B760501D4103CE003B0A6E /* Assets.xcassets in Resources */ = {isa = PBXBuildFile; fileRef = D9B7604F1D4103CE003B0A6E /* Assets.xcassets */; };
		D9B760531D4103CE003B0A6E /* LaunchScreen.storyboard in Resources */ = {isa = PBXBuildFile; fileRef = D9B760511D4103CE003B0A6E /* LaunchScreen.storyboard */; };
		D9B7605E1D4103CE003B0A6E /* chat_firebase_iosTests.swift in Sources */ = {isa = PBXBuildFile; fileRef = D9B7605D1D4103CE003B0A6E /* chat_firebase_iosTests.swift */; };
		D9B760691D4103CE003B0A6E /* chat_firebase_iosUITests.swift in Sources */ = {isa = PBXBuildFile; fileRef = D9B760681D4103CE003B0A6E /* chat_firebase_iosUITests.swift */; };
		D9B760771D410561003B0A6E /* GoogleService-Info.plist in Resources */ = {isa = PBXBuildFile; fileRef = D9B760761D410561003B0A6E /* GoogleService-Info.plist */; };
		D9B7607C1D419F92003B0A6E /* ColorHelper.swift in Sources */ = {isa = PBXBuildFile; fileRef = D9B7607B1D419F92003B0A6E /* ColorHelper.swift */; };
/* End PBXBuildFile section */

/* Begin PBXContainerItemProxy section */
		D9B7605A1D4103CE003B0A6E /* PBXContainerItemProxy */ = {
			isa = PBXContainerItemProxy;
			containerPortal = D9B7603D1D4103CE003B0A6E /* Project object */;
			proxyType = 1;
			remoteGlobalIDString = D9B760441D4103CE003B0A6E;
			remoteInfo = "chat-firebase-ios";
		};
		D9B760651D4103CE003B0A6E /* PBXContainerItemProxy */ = {
			isa = PBXContainerItemProxy;
			containerPortal = D9B7603D1D4103CE003B0A6E /* Project object */;
			proxyType = 1;
			remoteGlobalIDString = D9B760441D4103CE003B0A6E;
			remoteInfo = "chat-firebase-ios";
		};
/* End PBXContainerItemProxy section */

/* Begin PBXFileReference section */
		3B9572E1F8EE5F96507D0365 /* Pods-chat-firebase-iosUITests.release.xcconfig */ = {isa = PBXFileReference; includeInIndex = 1; lastKnownFileType = text.xcconfig; name = "Pods-chat-firebase-iosUITests.release.xcconfig"; path = "Pods/Target Support Files/Pods-chat-firebase-iosUITests/Pods-chat-firebase-iosUITests.release.xcconfig"; sourceTree = "<group>"; };
		53521A72AABA5B258131181A /* Pods-chat-firebase-iosTests.release.xcconfig */ = {isa = PBXFileReference; includeInIndex = 1; lastKnownFileType = text.xcconfig; name = "Pods-chat-firebase-iosTests.release.xcconfig"; path = "Pods/Target Support Files/Pods-chat-firebase-iosTests/Pods-chat-firebase-iosTests.release.xcconfig"; sourceTree = "<group>"; };
		6AE8A52CC6DACD01578884BF /* Pods-chat-firebase-ios.release.xcconfig */ = {isa = PBXFileReference; includeInIndex = 1; lastKnownFileType = text.xcconfig; name = "Pods-chat-firebase-ios.release.xcconfig"; path = "Pods/Target Support Files/Pods-chat-firebase-ios/Pods-chat-firebase-ios.release.xcconfig"; sourceTree = "<group>"; };
		6F82C2FEFD6EB5B197241168 /* Pods_chat_firebase_iosTests.framework */ = {isa = PBXFileReference; explicitFileType = wrapper.framework; includeInIndex = 0; path = Pods_chat_firebase_iosTests.framework; sourceTree = BUILT_PRODUCTS_DIR; };
		7780E9930FEEC3C9B926B304 /* Pods-chat-firebase-iosUITests.debug.xcconfig */ = {isa = PBXFileReference; includeInIndex = 1; lastKnownFileType = text.xcconfig; name = "Pods-chat-firebase-iosUITests.debug.xcconfig"; path = "Pods/Target Support Files/Pods-chat-firebase-iosUITests/Pods-chat-firebase-iosUITests.debug.xcconfig"; sourceTree = "<group>"; };
		93A210829537268BC15CC37B /* Pods-chat-firebase-ios.debug.xcconfig */ = {isa = PBXFileReference; includeInIndex = 1; lastKnownFileType = text.xcconfig; name = "Pods-chat-firebase-ios.debug.xcconfig"; path = "Pods/Target Support Files/Pods-chat-firebase-ios/Pods-chat-firebase-ios.debug.xcconfig"; sourceTree = "<group>"; };
		BEF4766C48D0262F4F30CEDF /* Pods-chat-firebase-iosTests.debug.xcconfig */ = {isa = PBXFileReference; includeInIndex = 1; lastKnownFileType = text.xcconfig; name = "Pods-chat-firebase-iosTests.debug.xcconfig"; path = "Pods/Target Support Files/Pods-chat-firebase-iosTests/Pods-chat-firebase-iosTests.debug.xcconfig"; sourceTree = "<group>"; };
		D95ABA111D443DA0006ECE82 /* AuthManager.swift */ = {isa = PBXFileReference; fileEncoding = 4; lastKnownFileType = sourcecode.swift; path = AuthManager.swift; sourceTree = "<group>"; };
		D95BB23B1D48500000BE22A7 /* Button.swift */ = {isa = PBXFileReference; fileEncoding = 4; lastKnownFileType = sourcecode.swift; path = Button.swift; sourceTree = "<group>"; };
		D9B760451D4103CE003B0A6E /* chat-firebase-ios.app */ = {isa = PBXFileReference; explicitFileType = wrapper.application; includeInIndex = 0; path = "chat-firebase-ios.app"; sourceTree = BUILT_PRODUCTS_DIR; };
		D9B760481D4103CE003B0A6E /* AppDelegate.swift */ = {isa = PBXFileReference; lastKnownFileType = sourcecode.swift; path = AppDelegate.swift; sourceTree = "<group>"; };
		D9B7604A1D4103CE003B0A6E /* ViewController.swift */ = {isa = PBXFileReference; lastKnownFileType = sourcecode.swift; path = ViewController.swift; sourceTree = "<group>"; };
		D9B7604D1D4103CE003B0A6E /* Base */ = {isa = PBXFileReference; lastKnownFileType = file.storyboard; name = Base; path = Base.lproj/Main.storyboard; sourceTree = "<group>"; };
		D9B7604F1D4103CE003B0A6E /* Assets.xcassets */ = {isa = PBXFileReference; lastKnownFileType = folder.assetcatalog; path = Assets.xcassets; sourceTree = "<group>"; };
		D9B760521D4103CE003B0A6E /* Base */ = {isa = PBXFileReference; lastKnownFileType = file.storyboard; name = Base; path = Base.lproj/LaunchScreen.storyboard; sourceTree = "<group>"; };
		D9B760541D4103CE003B0A6E /* Info.plist */ = {isa = PBXFileReference; lastKnownFileType = text.plist.xml; path = Info.plist; sourceTree = "<group>"; };
		D9B760591D4103CE003B0A6E /* chat-firebase-iosTests.xctest */ = {isa = PBXFileReference; explicitFileType = wrapper.cfbundle; includeInIndex = 0; path = "chat-firebase-iosTests.xctest"; sourceTree = BUILT_PRODUCTS_DIR; };
		D9B7605D1D4103CE003B0A6E /* chat_firebase_iosTests.swift */ = {isa = PBXFileReference; lastKnownFileType = sourcecode.swift; path = chat_firebase_iosTests.swift; sourceTree = "<group>"; };
		D9B7605F1D4103CE003B0A6E /* Info.plist */ = {isa = PBXFileReference; lastKnownFileType = text.plist.xml; path = Info.plist; sourceTree = "<group>"; };
		D9B760641D4103CE003B0A6E /* chat-firebase-iosUITests.xctest */ = {isa = PBXFileReference; explicitFileType = wrapper.cfbundle; includeInIndex = 0; path = "chat-firebase-iosUITests.xctest"; sourceTree = BUILT_PRODUCTS_DIR; };
		D9B760681D4103CE003B0A6E /* chat_firebase_iosUITests.swift */ = {isa = PBXFileReference; lastKnownFileType = sourcecode.swift; path = chat_firebase_iosUITests.swift; sourceTree = "<group>"; };
		D9B7606A1D4103CE003B0A6E /* Info.plist */ = {isa = PBXFileReference; lastKnownFileType = text.plist.xml; path = Info.plist; sourceTree = "<group>"; };
		D9B760761D410561003B0A6E /* GoogleService-Info.plist */ = {isa = PBXFileReference; fileEncoding = 4; lastKnownFileType = text.plist.xml; path = "GoogleService-Info.plist"; sourceTree = "<group>"; };
		D9B7607B1D419F92003B0A6E /* ColorHelper.swift */ = {isa = PBXFileReference; fileEncoding = 4; lastKnownFileType = sourcecode.swift; name = ColorHelper.swift; path = helper/ColorHelper.swift; sourceTree = "<group>"; };
		FC4918FEC2C1FF3582E1A803 /* Pods_chat_firebase_ios.framework */ = {isa = PBXFileReference; explicitFileType = wrapper.framework; includeInIndex = 0; path = Pods_chat_firebase_ios.framework; sourceTree = BUILT_PRODUCTS_DIR; };
		FC898285643FDB72DA655C54 /* Pods_chat_firebase_iosUITests.framework */ = {isa = PBXFileReference; explicitFileType = wrapper.framework; includeInIndex = 0; path = Pods_chat_firebase_iosUITests.framework; sourceTree = BUILT_PRODUCTS_DIR; };
/* End PBXFileReference section */

/* Begin PBXFrameworksBuildPhase section */
		D9B760421D4103CE003B0A6E /* Frameworks */ = {
			isa = PBXFrameworksBuildPhase;
			buildActionMask = 2147483647;
			files = (
				5593D5446A9DFC536495203B /* Pods_chat_firebase_ios.framework in Frameworks */,
			);
			runOnlyForDeploymentPostprocessing = 0;
		};
		D9B760561D4103CE003B0A6E /* Frameworks */ = {
			isa = PBXFrameworksBuildPhase;
			buildActionMask = 2147483647;
			files = (
				ACBB0911C8EBC0F221039D64 /* Pods_chat_firebase_iosTests.framework in Frameworks */,
			);
			runOnlyForDeploymentPostprocessing = 0;
		};
		D9B760611D4103CE003B0A6E /* Frameworks */ = {
			isa = PBXFrameworksBuildPhase;
			buildActionMask = 2147483647;
			files = (
				6ABE93C6057BBB154D33E029 /* Pods_chat_firebase_iosUITests.framework in Frameworks */,
			);
			runOnlyForDeploymentPostprocessing = 0;
		};
/* End PBXFrameworksBuildPhase section */

/* Begin PBXGroup section */
		7373490837C115D414EDB28F /* Frameworks */ = {
			isa = PBXGroup;
			children = (
				FC4918FEC2C1FF3582E1A803 /* Pods_chat_firebase_ios.framework */,
				6F82C2FEFD6EB5B197241168 /* Pods_chat_firebase_iosTests.framework */,
				FC898285643FDB72DA655C54 /* Pods_chat_firebase_iosUITests.framework */,
			);
			name = Frameworks;
			sourceTree = "<group>";
		};
		9EB40FA830ED35C6ACC48E5E /* Pods */ = {
			isa = PBXGroup;
			children = (
				93A210829537268BC15CC37B /* Pods-chat-firebase-ios.debug.xcconfig */,
				6AE8A52CC6DACD01578884BF /* Pods-chat-firebase-ios.release.xcconfig */,
				BEF4766C48D0262F4F30CEDF /* Pods-chat-firebase-iosTests.debug.xcconfig */,
				53521A72AABA5B258131181A /* Pods-chat-firebase-iosTests.release.xcconfig */,
				7780E9930FEEC3C9B926B304 /* Pods-chat-firebase-iosUITests.debug.xcconfig */,
				3B9572E1F8EE5F96507D0365 /* Pods-chat-firebase-iosUITests.release.xcconfig */,
			);
			name = Pods;
			sourceTree = "<group>";
		};
		D95BB23A1D484FF500BE22A7 /* view */ = {
			isa = PBXGroup;
			children = (
				D95BB23B1D48500000BE22A7 /* Button.swift */,
			);
			name = view;
			sourceTree = "<group>";
		};
		D9B7603C1D4103CE003B0A6E = {
			isa = PBXGroup;
			children = (
				D9B760471D4103CE003B0A6E /* chat-firebase-ios */,
				D9B7605C1D4103CE003B0A6E /* chat-firebase-iosTests */,
				D9B760671D4103CE003B0A6E /* chat-firebase-iosUITests */,
				D9B760461D4103CE003B0A6E /* Products */,
				9EB40FA830ED35C6ACC48E5E /* Pods */,
				7373490837C115D414EDB28F /* Frameworks */,
			);
			sourceTree = "<group>";
		};
		D9B760461D4103CE003B0A6E /* Products */ = {
			isa = PBXGroup;
			children = (
				D9B760451D4103CE003B0A6E /* chat-firebase-ios.app */,
				D9B760591D4103CE003B0A6E /* chat-firebase-iosTests.xctest */,
				D9B760641D4103CE003B0A6E /* chat-firebase-iosUITests.xctest */,
			);
			name = Products;
			sourceTree = "<group>";
		};
		D9B760471D4103CE003B0A6E /* chat-firebase-ios */ = {
			isa = PBXGroup;
			children = (
				D9B760481D4103CE003B0A6E /* AppDelegate.swift */,
				D95BB23A1D484FF500BE22A7 /* view */,
				D9B7607A1D419F5E003B0A6E /* helper */,
				D9B7604A1D4103CE003B0A6E /* ViewController.swift */,
				D95ABA111D443DA0006ECE82 /* AuthManager.swift */,
				D9B7604C1D4103CE003B0A6E /* Main.storyboard */,
				D9B7604F1D4103CE003B0A6E /* Assets.xcassets */,
				D9B760511D4103CE003B0A6E /* LaunchScreen.storyboard */,
				D9B760541D4103CE003B0A6E /* Info.plist */,
				D9B760761D410561003B0A6E /* GoogleService-Info.plist */,
			);
			path = "chat-firebase-ios";
			sourceTree = "<group>";
		};
		D9B7605C1D4103CE003B0A6E /* chat-firebase-iosTests */ = {
			isa = PBXGroup;
			children = (
				D9B7605D1D4103CE003B0A6E /* chat_firebase_iosTests.swift */,
				D9B7605F1D4103CE003B0A6E /* Info.plist */,
			);
			path = "chat-firebase-iosTests";
			sourceTree = "<group>";
		};
		D9B760671D4103CE003B0A6E /* chat-firebase-iosUITests */ = {
			isa = PBXGroup;
			children = (
				D9B760681D4103CE003B0A6E /* chat_firebase_iosUITests.swift */,
				D9B7606A1D4103CE003B0A6E /* Info.plist */,
			);
			path = "chat-firebase-iosUITests";
			sourceTree = "<group>";
		};
		D9B7607A1D419F5E003B0A6E /* helper */ = {
			isa = PBXGroup;
			children = (
				D9B7607B1D419F92003B0A6E /* ColorHelper.swift */,
			);
			name = helper;
			sourceTree = "<group>";
		};
/* End PBXGroup section */

/* Begin PBXNativeTarget section */
		D9B760441D4103CE003B0A6E /* chat-firebase-ios */ = {
			isa = PBXNativeTarget;
			buildConfigurationList = D9B7606D1D4103CE003B0A6E /* Build configuration list for PBXNativeTarget "chat-firebase-ios" */;
			buildPhases = (
				AEB905A311B7C66DFADD85CF /* [CP] Check Pods Manifest.lock */,
				D9B760411D4103CE003B0A6E /* Sources */,
				D9B760421D4103CE003B0A6E /* Frameworks */,
				D9B760431D4103CE003B0A6E /* Resources */,
				95CEB7BAE57EDAD817EC3A70 /* [CP] Embed Pods Frameworks */,
				9DA90708A591788ECFEED2D6 /* [CP] Copy Pods Resources */,
			);
			buildRules = (
			);
			dependencies = (
			);
			name = "chat-firebase-ios";
			productName = "chat-firebase-ios";
			productReference = D9B760451D4103CE003B0A6E /* chat-firebase-ios.app */;
			productType = "com.apple.product-type.application";
		};
		D9B760581D4103CE003B0A6E /* chat-firebase-iosTests */ = {
			isa = PBXNativeTarget;
			buildConfigurationList = D9B760701D4103CE003B0A6E /* Build configuration list for PBXNativeTarget "chat-firebase-iosTests" */;
			buildPhases = (
				760950817EC1050DBE840617 /* [CP] Check Pods Manifest.lock */,
				D9B760551D4103CE003B0A6E /* Sources */,
				D9B760561D4103CE003B0A6E /* Frameworks */,
				D9B760571D4103CE003B0A6E /* Resources */,
				E8AED908DDDDA5318781E82E /* [CP] Embed Pods Frameworks */,
				FC87BD24C7C810200B10F462 /* [CP] Copy Pods Resources */,
			);
			buildRules = (
			);
			dependencies = (
				D9B7605B1D4103CE003B0A6E /* PBXTargetDependency */,
			);
			name = "chat-firebase-iosTests";
			productName = "chat-firebase-iosTests";
			productReference = D9B760591D4103CE003B0A6E /* chat-firebase-iosTests.xctest */;
			productType = "com.apple.product-type.bundle.unit-test";
		};
		D9B760631D4103CE003B0A6E /* chat-firebase-iosUITests */ = {
			isa = PBXNativeTarget;
			buildConfigurationList = D9B760731D4103CE003B0A6E /* Build configuration list for PBXNativeTarget "chat-firebase-iosUITests" */;
			buildPhases = (
				49D2ED984E619E4032B39E38 /* [CP] Check Pods Manifest.lock */,
				D9B760601D4103CE003B0A6E /* Sources */,
				D9B760611D4103CE003B0A6E /* Frameworks */,
				D9B760621D4103CE003B0A6E /* Resources */,
				76EDE18599D51DC1CC267490 /* [CP] Copy Pods Resources */,
			);
			buildRules = (
			);
			dependencies = (
				D9B760661D4103CE003B0A6E /* PBXTargetDependency */,
			);
			name = "chat-firebase-iosUITests";
			productName = "chat-firebase-iosUITests";
			productReference = D9B760641D4103CE003B0A6E /* chat-firebase-iosUITests.xctest */;
			productType = "com.apple.product-type.bundle.ui-testing";
		};
/* End PBXNativeTarget section */

/* Begin PBXProject section */
		D9B7603D1D4103CE003B0A6E /* Project object */ = {
			isa = PBXProject;
			attributes = {
				LastSwiftUpdateCheck = 0730;
				LastUpgradeCheck = 0730;
				ORGANIZATIONNAME = "佐々木耀";
				TargetAttributes = {
					D9B760441D4103CE003B0A6E = {
						CreatedOnToolsVersion = 7.3.1;
						DevelopmentTeam = CPD5WBLV7U;
					};
					D9B760581D4103CE003B0A6E = {
						CreatedOnToolsVersion = 7.3.1;
						TestTargetID = D9B760441D4103CE003B0A6E;
					};
					D9B760631D4103CE003B0A6E = {
						CreatedOnToolsVersion = 7.3.1;
						TestTargetID = D9B760441D4103CE003B0A6E;
					};
				};
			};
			buildConfigurationList = D9B760401D4103CE003B0A6E /* Build configuration list for PBXProject "chat-firebase-ios" */;
			compatibilityVersion = "Xcode 3.2";
			developmentRegion = English;
			hasScannedForEncodings = 0;
			knownRegions = (
				en,
				Base,
			);
			mainGroup = D9B7603C1D4103CE003B0A6E;
			productRefGroup = D9B760461D4103CE003B0A6E /* Products */;
			projectDirPath = "";
			projectRoot = "";
			targets = (
				D9B760441D4103CE003B0A6E /* chat-firebase-ios */,
				D9B760581D4103CE003B0A6E /* chat-firebase-iosTests */,
				D9B760631D4103CE003B0A6E /* chat-firebase-iosUITests */,
			);
		};
/* End PBXProject section */

/* Begin PBXResourcesBuildPhase section */
		D9B760431D4103CE003B0A6E /* Resources */ = {
			isa = PBXResourcesBuildPhase;
			buildActionMask = 2147483647;
			files = (
				D9B760531D4103CE003B0A6E /* LaunchScreen.storyboard in Resources */,
				D9B760771D410561003B0A6E /* GoogleService-Info.plist in Resources */,
				D9B760501D4103CE003B0A6E /* Assets.xcassets in Resources */,
				D9B7604E1D4103CE003B0A6E /* Main.storyboard in Resources */,
			);
			runOnlyForDeploymentPostprocessing = 0;
		};
		D9B760571D4103CE003B0A6E /* Resources */ = {
			isa = PBXResourcesBuildPhase;
			buildActionMask = 2147483647;
			files = (
			);
			runOnlyForDeploymentPostprocessing = 0;
		};
		D9B760621D4103CE003B0A6E /* Resources */ = {
			isa = PBXResourcesBuildPhase;
			buildActionMask = 2147483647;
			files = (
			);
			runOnlyForDeploymentPostprocessing = 0;
		};
/* End PBXResourcesBuildPhase section */

/* Begin PBXShellScriptBuildPhase section */
		49D2ED984E619E4032B39E38 /* [CP] Check Pods Manifest.lock */ = {
			isa = PBXShellScriptBuildPhase;
			buildActionMask = 2147483647;
			files = (
			);
			inputPaths = (
			);
			name = "[CP] Check Pods Manifest.lock";
			outputPaths = (
			);
			runOnlyForDeploymentPostprocessing = 0;
			shellPath = /bin/sh;
			shellScript = "diff \"${PODS_ROOT}/../Podfile.lock\" \"${PODS_ROOT}/Manifest.lock\" > /dev/null\nif [[ $? != 0 ]] ; then\n    cat << EOM\nerror: The sandbox is not in sync with the Podfile.lock. Run 'pod install' or update your CocoaPods installation.\nEOM\n    exit 1\nfi\n";
			showEnvVarsInLog = 0;
		};
		760950817EC1050DBE840617 /* [CP] Check Pods Manifest.lock */ = {
			isa = PBXShellScriptBuildPhase;
			buildActionMask = 2147483647;
			files = (
			);
			inputPaths = (
			);
			name = "[CP] Check Pods Manifest.lock";
			outputPaths = (
			);
			runOnlyForDeploymentPostprocessing = 0;
			shellPath = /bin/sh;
			shellScript = "diff \"${PODS_ROOT}/../Podfile.lock\" \"${PODS_ROOT}/Manifest.lock\" > /dev/null\nif [[ $? != 0 ]] ; then\n    cat << EOM\nerror: The sandbox is not in sync with the Podfile.lock. Run 'pod install' or update your CocoaPods installation.\nEOM\n    exit 1\nfi\n";
			showEnvVarsInLog = 0;
		};
		76EDE18599D51DC1CC267490 /* [CP] Copy Pods Resources */ = {
			isa = PBXShellScriptBuildPhase;
			buildActionMask = 2147483647;
			files = (
			);
			inputPaths = (
			);
			name = "[CP] Copy Pods Resources";
			outputPaths = (
			);
			runOnlyForDeploymentPostprocessing = 0;
			shellPath = /bin/sh;
			shellScript = "\"${SRCROOT}/Pods/Target Support Files/Pods-chat-firebase-iosUITests/Pods-chat-firebase-iosUITests-resources.sh\"\n";
			showEnvVarsInLog = 0;
		};
		95CEB7BAE57EDAD817EC3A70 /* [CP] Embed Pods Frameworks */ = {
			isa = PBXShellScriptBuildPhase;
			buildActionMask = 2147483647;
			files = (
			);
			inputPaths = (
			);
			name = "[CP] Embed Pods Frameworks";
			outputPaths = (
			);
			runOnlyForDeploymentPostprocessing = 0;
			shellPath = /bin/sh;
			shellScript = "\"${SRCROOT}/Pods/Target Support Files/Pods-chat-firebase-ios/Pods-chat-firebase-ios-frameworks.sh\"\n";
			showEnvVarsInLog = 0;
		};
		9DA90708A591788ECFEED2D6 /* [CP] Copy Pods Resources */ = {
			isa = PBXShellScriptBuildPhase;
			buildActionMask = 2147483647;
			files = (
			);
			inputPaths = (
			);
			name = "[CP] Copy Pods Resources";
			outputPaths = (
			);
			runOnlyForDeploymentPostprocessing = 0;
			shellPath = /bin/sh;
			shellScript = "\"${SRCROOT}/Pods/Target Support Files/Pods-chat-firebase-ios/Pods-chat-firebase-ios-resources.sh\"\n";
			showEnvVarsInLog = 0;
		};
		AEB905A311B7C66DFADD85CF /* [CP] Check Pods Manifest.lock */ = {
			isa = PBXShellScriptBuildPhase;
			buildActionMask = 2147483647;
			files = (
			);
			inputPaths = (
			);
			name = "[CP] Check Pods Manifest.lock";
			outputPaths = (
			);
			runOnlyForDeploymentPostprocessing = 0;
			shellPath = /bin/sh;
			shellScript = "diff \"${PODS_ROOT}/../Podfile.lock\" \"${PODS_ROOT}/Manifest.lock\" > /dev/null\nif [[ $? != 0 ]] ; then\n    cat << EOM\nerror: The sandbox is not in sync with the Podfile.lock. Run 'pod install' or update your CocoaPods installation.\nEOM\n    exit 1\nfi\n";
			showEnvVarsInLog = 0;
		};
		E8AED908DDDDA5318781E82E /* [CP] Embed Pods Frameworks */ = {
			isa = PBXShellScriptBuildPhase;
			buildActionMask = 2147483647;
			files = (
			);
			inputPaths = (
			);
			name = "[CP] Embed Pods Frameworks";
			outputPaths = (
			);
			runOnlyForDeploymentPostprocessing = 0;
			shellPath = /bin/sh;
			shellScript = "\"${SRCROOT}/Pods/Target Support Files/Pods-chat-firebase-iosTests/Pods-chat-firebase-iosTests-frameworks.sh\"\n";
			showEnvVarsInLog = 0;
		};
		FC87BD24C7C810200B10F462 /* [CP] Copy Pods Resources */ = {
			isa = PBXShellScriptBuildPhase;
			buildActionMask = 2147483647;
			files = (
			);
			inputPaths = (
			);
			name = "[CP] Copy Pods Resources";
			outputPaths = (
			);
			runOnlyForDeploymentPostprocessing = 0;
			shellPath = /bin/sh;
			shellScript = "\"${SRCROOT}/Pods/Target Support Files/Pods-chat-firebase-iosTests/Pods-chat-firebase-iosTests-resources.sh\"\n";
			showEnvVarsInLog = 0;
		};
/* End PBXShellScriptBuildPhase section */

/* Begin PBXSourcesBuildPhase section */
		D9B760411D4103CE003B0A6E /* Sources */ = {
			isa = PBXSourcesBuildPhase;
			buildActionMask = 2147483647;
			files = (
				D9B7604B1D4103CE003B0A6E /* ViewController.swift in Sources */,
				D95BB23C1D48500000BE22A7 /* Button.swift in Sources */,
				D95ABA121D443DA0006ECE82 /* AuthManager.swift in Sources */,
				D9B7607C1D419F92003B0A6E /* ColorHelper.swift in Sources */,
				D9B760491D4103CE003B0A6E /* AppDelegate.swift in Sources */,
			);
			runOnlyForDeploymentPostprocessing = 0;
		};
		D9B760551D4103CE003B0A6E /* Sources */ = {
			isa = PBXSourcesBuildPhase;
			buildActionMask = 2147483647;
			files = (
				D9B7605E1D4103CE003B0A6E /* chat_firebase_iosTests.swift in Sources */,
			);
			runOnlyForDeploymentPostprocessing = 0;
		};
		D9B760601D4103CE003B0A6E /* Sources */ = {
			isa = PBXSourcesBuildPhase;
			buildActionMask = 2147483647;
			files = (
				D9B760691D4103CE003B0A6E /* chat_firebase_iosUITests.swift in Sources */,
			);
			runOnlyForDeploymentPostprocessing = 0;
		};
/* End PBXSourcesBuildPhase section */

/* Begin PBXTargetDependency section */
		D9B7605B1D4103CE003B0A6E /* PBXTargetDependency */ = {
			isa = PBXTargetDependency;
			target = D9B760441D4103CE003B0A6E /* chat-firebase-ios */;
			targetProxy = D9B7605A1D4103CE003B0A6E /* PBXContainerItemProxy */;
		};
		D9B760661D4103CE003B0A6E /* PBXTargetDependency */ = {
			isa = PBXTargetDependency;
			target = D9B760441D4103CE003B0A6E /* chat-firebase-ios */;
			targetProxy = D9B760651D4103CE003B0A6E /* PBXContainerItemProxy */;
		};
/* End PBXTargetDependency section */

/* Begin PBXVariantGroup section */
		D9B7604C1D4103CE003B0A6E /* Main.storyboard */ = {
			isa = PBXVariantGroup;
			children = (
				D9B7604D1D4103CE003B0A6E /* Base */,
			);
			name = Main.storyboard;
			sourceTree = "<group>";
		};
		D9B760511D4103CE003B0A6E /* LaunchScreen.storyboard */ = {
			isa = PBXVariantGroup;
			children = (
				D9B760521D4103CE003B0A6E /* Base */,
			);
			name = LaunchScreen.storyboard;
			sourceTree = "<group>";
		};
/* End PBXVariantGroup section */

/* Begin XCBuildConfiguration section */
		D9B7606B1D4103CE003B0A6E /* Debug */ = {
			isa = XCBuildConfiguration;
			buildSettings = {
				ALWAYS_SEARCH_USER_PATHS = NO;
				CLANG_ANALYZER_NONNULL = YES;
				CLANG_CXX_LANGUAGE_STANDARD = "gnu++0x";
				CLANG_CXX_LIBRARY = "libc++";
				CLANG_ENABLE_MODULES = YES;
				CLANG_ENABLE_OBJC_ARC = YES;
				CLANG_WARN_BOOL_CONVERSION = YES;
				CLANG_WARN_CONSTANT_CONVERSION = YES;
				CLANG_WARN_DIRECT_OBJC_ISA_USAGE = YES_ERROR;
				CLANG_WARN_EMPTY_BODY = YES;
				CLANG_WARN_ENUM_CONVERSION = YES;
				CLANG_WARN_INT_CONVERSION = YES;
				CLANG_WARN_OBJC_ROOT_CLASS = YES_ERROR;
				CLANG_WARN_UNREACHABLE_CODE = YES;
				CLANG_WARN__DUPLICATE_METHOD_MATCH = YES;
				"CODE_SIGN_IDENTITY[sdk=iphoneos*]" = "iPhone Developer";
				COPY_PHASE_STRIP = NO;
				DEBUG_INFORMATION_FORMAT = dwarf;
				ENABLE_STRICT_OBJC_MSGSEND = YES;
				ENABLE_TESTABILITY = YES;
				GCC_C_LANGUAGE_STANDARD = gnu99;
				GCC_DYNAMIC_NO_PIC = NO;
				GCC_NO_COMMON_BLOCKS = YES;
				GCC_OPTIMIZATION_LEVEL = 0;
				GCC_PREPROCESSOR_DEFINITIONS = (
					"DEBUG=1",
					"$(inherited)",
				);
				GCC_WARN_64_TO_32_BIT_CONVERSION = YES;
				GCC_WARN_ABOUT_RETURN_TYPE = YES_ERROR;
				GCC_WARN_UNDECLARED_SELECTOR = YES;
				GCC_WARN_UNINITIALIZED_AUTOS = YES_AGGRESSIVE;
				GCC_WARN_UNUSED_FUNCTION = YES;
				GCC_WARN_UNUSED_VARIABLE = YES;
				IPHONEOS_DEPLOYMENT_TARGET = 9.3;
				MTL_ENABLE_DEBUG_INFO = YES;
				ONLY_ACTIVE_ARCH = YES;
				SDKROOT = iphoneos;
				SWIFT_OPTIMIZATION_LEVEL = "-Onone";
				TARGETED_DEVICE_FAMILY = "1,2";
			};
			name = Debug;
		};
		D9B7606C1D4103CE003B0A6E /* Release */ = {
			isa = XCBuildConfiguration;
			buildSettings = {
				ALWAYS_SEARCH_USER_PATHS = NO;
				CLANG_ANALYZER_NONNULL = YES;
				CLANG_CXX_LANGUAGE_STANDARD = "gnu++0x";
				CLANG_CXX_LIBRARY = "libc++";
				CLANG_ENABLE_MODULES = YES;
				CLANG_ENABLE_OBJC_ARC = YES;
				CLANG_WARN_BOOL_CONVERSION = YES;
				CLANG_WARN_CONSTANT_CONVERSION = YES;
				CLANG_WARN_DIRECT_OBJC_ISA_USAGE = YES_ERROR;
				CLANG_WARN_EMPTY_BODY = YES;
				CLANG_WARN_ENUM_CONVERSION = YES;
				CLANG_WARN_INT_CONVERSION = YES;
				CLANG_WARN_OBJC_ROOT_CLASS = YES_ERROR;
				CLANG_WARN_UNREACHABLE_CODE = YES;
				CLANG_WARN__DUPLICATE_METHOD_MATCH = YES;
				"CODE_SIGN_IDENTITY[sdk=iphoneos*]" = "iPhone Developer";
				COPY_PHASE_STRIP = NO;
				DEBUG_INFORMATION_FORMAT = "dwarf-with-dsym";
				ENABLE_NS_ASSERTIONS = NO;
				ENABLE_STRICT_OBJC_MSGSEND = YES;
				GCC_C_LANGUAGE_STANDARD = gnu99;
				GCC_NO_COMMON_BLOCKS = YES;
				GCC_WARN_64_TO_32_BIT_CONVERSION = YES;
				GCC_WARN_ABOUT_RETURN_TYPE = YES_ERROR;
				GCC_WARN_UNDECLARED_SELECTOR = YES;
				GCC_WARN_UNINITIALIZED_AUTOS = YES_AGGRESSIVE;
				GCC_WARN_UNUSED_FUNCTION = YES;
				GCC_WARN_UNUSED_VARIABLE = YES;
				IPHONEOS_DEPLOYMENT_TARGET = 9.3;
				MTL_ENABLE_DEBUG_INFO = NO;
				SDKROOT = iphoneos;
				TARGETED_DEVICE_FAMILY = "1,2";
				VALIDATE_PRODUCT = YES;
			};
			name = Release;
		};
		D9B7606E1D4103CE003B0A6E /* Debug */ = {
			isa = XCBuildConfiguration;
			baseConfigurationReference = 93A210829537268BC15CC37B /* Pods-chat-firebase-ios.debug.xcconfig */;
			buildSettings = {
				ASSETCATALOG_COMPILER_APPICON_NAME = AppIcon;
				CODE_SIGN_IDENTITY = "iPhone Developer";
				"CODE_SIGN_IDENTITY[sdk=iphoneos*]" = "iPhone Developer";
				INFOPLIST_FILE = "chat-firebase-ios/Info.plist";
				LD_RUNPATH_SEARCH_PATHS = "$(inherited) @executable_path/Frameworks";
				PRODUCT_BUNDLE_IDENTIFIER = "io.github.younippon.chat-firebase-ios";
				PRODUCT_NAME = "$(TARGET_NAME)";
				PROVISIONING_PROFILE = "";
			};
			name = Debug;
		};
		D9B7606F1D4103CE003B0A6E /* Release */ = {
			isa = XCBuildConfiguration;
			baseConfigurationReference = 6AE8A52CC6DACD01578884BF /* Pods-chat-firebase-ios.release.xcconfig */;
			buildSettings = {
				ASSETCATALOG_COMPILER_APPICON_NAME = AppIcon;
				CODE_SIGN_IDENTITY = "iPhone Developer";
				"CODE_SIGN_IDENTITY[sdk=iphoneos*]" = "iPhone Developer";
				INFOPLIST_FILE = "chat-firebase-ios/Info.plist";
				LD_RUNPATH_SEARCH_PATHS = "$(inherited) @executable_path/Frameworks";
				PRODUCT_BUNDLE_IDENTIFIER = "io.github.younippon.chat-firebase-ios";
				PRODUCT_NAME = "$(TARGET_NAME)";
				PROVISIONING_PROFILE = "";
			};
			name = Release;
		};
		D9B760711D4103CE003B0A6E /* Debug */ = {
			isa = XCBuildConfiguration;
			baseConfigurationReference = BEF4766C48D0262F4F30CEDF /* Pods-chat-firebase-iosTests.debug.xcconfig */;
			buildSettings = {
				BUNDLE_LOADER = "$(TEST_HOST)";
				INFOPLIST_FILE = "chat-firebase-iosTests/Info.plist";
				LD_RUNPATH_SEARCH_PATHS = "$(inherited) @executable_path/Frameworks @loader_path/Frameworks";
				PRODUCT_BUNDLE_IDENTIFIER = "io.github.younippon.chat-firebase-iosTests";
				PRODUCT_NAME = "$(TARGET_NAME)";
				TEST_HOST = "$(BUILT_PRODUCTS_DIR)/chat-firebase-ios.app/chat-firebase-ios";
			};
			name = Debug;
		};
		D9B760721D4103CE003B0A6E /* Release */ = {
			isa = XCBuildConfiguration;
			baseConfigurationReference = 53521A72AABA5B258131181A /* Pods-chat-firebase-iosTests.release.xcconfig */;
			buildSettings = {
				BUNDLE_LOADER = "$(TEST_HOST)";
				INFOPLIST_FILE = "chat-firebase-iosTests/Info.plist";
				LD_RUNPATH_SEARCH_PATHS = "$(inherited) @executable_path/Frameworks @loader_path/Frameworks";
				PRODUCT_BUNDLE_IDENTIFIER = "io.github.younippon.chat-firebase-iosTests";
				PRODUCT_NAME = "$(TARGET_NAME)";
				TEST_HOST = "$(BUILT_PRODUCTS_DIR)/chat-firebase-ios.app/chat-firebase-ios";
			};
			name = Release;
		};
		D9B760741D4103CE003B0A6E /* Debug */ = {
			isa = XCBuildConfiguration;
			baseConfigurationReference = 7780E9930FEEC3C9B926B304 /* Pods-chat-firebase-iosUITests.debug.xcconfig */;
			buildSettings = {
				INFOPLIST_FILE = "chat-firebase-iosUITests/Info.plist";
				LD_RUNPATH_SEARCH_PATHS = "$(inherited) @executable_path/Frameworks @loader_path/Frameworks";
				PRODUCT_BUNDLE_IDENTIFIER = "io.github.younippon.chat-firebase-iosUITests";
				PRODUCT_NAME = "$(TARGET_NAME)";
				TEST_TARGET_NAME = "chat-firebase-ios";
			};
			name = Debug;
		};
		D9B760751D4103CE003B0A6E /* Release */ = {
			isa = XCBuildConfiguration;
			baseConfigurationReference = 3B9572E1F8EE5F96507D0365 /* Pods-chat-firebase-iosUITests.release.xcconfig */;
			buildSettings = {
				INFOPLIST_FILE = "chat-firebase-iosUITests/Info.plist";
				LD_RUNPATH_SEARCH_PATHS = "$(inherited) @executable_path/Frameworks @loader_path/Frameworks";
				PRODUCT_BUNDLE_IDENTIFIER = "io.github.younippon.chat-firebase-iosUITests";
				PRODUCT_NAME = "$(TARGET_NAME)";
				TEST_TARGET_NAME = "chat-firebase-ios";
			};
			name = Release;
		};
/* End XCBuildConfiguration section */

/* Begin XCConfigurationList section */
		D9B760401D4103CE003B0A6E /* Build configuration list for PBXProject "chat-firebase-ios" */ = {
			isa = XCConfigurationList;
			buildConfigurations = (
				D9B7606B1D4103CE003B0A6E /* Debug */,
				D9B7606C1D4103CE003B0A6E /* Release */,
			);
			defaultConfigurationIsVisible = 0;
			defaultConfigurationName = Release;
		};
		D9B7606D1D4103CE003B0A6E /* Build configuration list for PBXNativeTarget "chat-firebase-ios" */ = {
			isa = XCConfigurationList;
			buildConfigurations = (
				D9B7606E1D4103CE003B0A6E /* Debug */,
				D9B7606F1D4103CE003B0A6E /* Release */,
			);
			defaultConfigurationIsVisible = 0;
			defaultConfigurationName = Release;
		};
		D9B760701D4103CE003B0A6E /* Build configuration list for PBXNativeTarget "chat-firebase-iosTests" */ = {
			isa = XCConfigurationList;
			buildConfigurations = (
				D9B760711D4103CE003B0A6E /* Debug */,
				D9B760721D4103CE003B0A6E /* Release */,
			);
			defaultConfigurationIsVisible = 0;
			defaultConfigurationName = Release;
		};
		D9B760731D4103CE003B0A6E /* Build configuration list for PBXNativeTarget "chat-firebase-iosUITests" */ = {
			isa = XCConfigurationList;
			buildConfigurations = (
				D9B760741D4103CE003B0A6E /* Debug */,
				D9B760751D4103CE003B0A6E /* Release */,
			);
			defaultConfigurationIsVisible = 0;
			defaultConfigurationName = Release;
		};
/* End XCConfigurationList section */
	};
	rootObject = D9B7603D1D4103CE003B0A6E /* Project object */;
}
